// !$*UTF8*$!
{
	archiveVersion = 1;
	classes = {
	};
	objectVersion = 46;
	objects = {
/* Begin PBXBuildFile section */
		1D3623260D0F684500981E51 /* AppDelegate.m in Sources */ = {isa = PBXBuildFile; fileRef = 1D3623250D0F684500981E51 /* AppDelegate.m */; };
		1D60589B0D05DD56006BFB54 /* main.m in Sources */ = {isa = PBXBuildFile; fileRef = 29B97316FDCFA39411CA2CEA /* main.m */; };
		288765FD0DF74451002DB57D /* CoreGraphics.framework in Frameworks */ = {isa = PBXBuildFile; fileRef = 288765FC0DF74451002DB57D /* CoreGraphics.framework */; };
		301BF552109A68D80062928A /* libCordova.a in Frameworks */ = {isa = PBXBuildFile; fileRef = 301BF535109A57CC0062928A /* libCordova.a */; };
		302D95F114D2391D003F00A1 /* MainViewController.m in Sources */ = {isa = PBXBuildFile; fileRef = 302D95EF14D2391D003F00A1 /* MainViewController.m */; };
		302D95F214D2391D003F00A1 /* MainViewController.xib in Resources */ = {isa = PBXBuildFile; fileRef = 302D95F014D2391D003F00A1 /* MainViewController.xib */; };
		305D5FD1115AB8F900A74A75 /* MobileCoreServices.framework in Frameworks */ = {isa = PBXBuildFile; fileRef = 305D5FD0115AB8F900A74A75 /* MobileCoreServices.framework */; };
		3088BBBD154F3926009F9C59 /* Default-Landscape@2x~ipad.png in Resources */ = {isa = PBXBuildFile; fileRef = 3088BBB7154F3926009F9C59 /* Default-Landscape@2x~ipad.png */; };
		3088BBBE154F3926009F9C59 /* Default-Landscape~ipad.png in Resources */ = {isa = PBXBuildFile; fileRef = 3088BBB8154F3926009F9C59 /* Default-Landscape~ipad.png */; };
		3088BBBF154F3926009F9C59 /* Default-Portrait@2x~ipad.png in Resources */ = {isa = PBXBuildFile; fileRef = 3088BBB9154F3926009F9C59 /* Default-Portrait@2x~ipad.png */; };
		3088BBC0154F3926009F9C59 /* Default-Portrait~ipad.png in Resources */ = {isa = PBXBuildFile; fileRef = 3088BBBA154F3926009F9C59 /* Default-Portrait~ipad.png */; };
		3088BBC1154F3926009F9C59 /* Default@2x~iphone.png in Resources */ = {isa = PBXBuildFile; fileRef = 3088BBBB154F3926009F9C59 /* Default@2x~iphone.png */; };
		3088BBC2154F3926009F9C59 /* Default~iphone.png in Resources */ = {isa = PBXBuildFile; fileRef = 3088BBBC154F3926009F9C59 /* Default~iphone.png */; };
		308D05371370CCF300D202BF /* icon-72.png in Resources */ = {isa = PBXBuildFile; fileRef = 308D052E1370CCF300D202BF /* icon-72.png */; };
		308D05381370CCF300D202BF /* icon.png in Resources */ = {isa = PBXBuildFile; fileRef = 308D052F1370CCF300D202BF /* icon.png */; };
		308D05391370CCF300D202BF /* icon@2x.png in Resources */ = {isa = PBXBuildFile; fileRef = 308D05301370CCF300D202BF /* icon@2x.png */; };
		30B4F30019D5E07200D9F7D8 /* Default-667h.png in Resources */ = {isa = PBXBuildFile; fileRef = 30B4F2FD19D5E07200D9F7D8 /* Default-667h.png */; };
		30B4F30119D5E07200D9F7D8 /* Default-736h.png in Resources */ = {isa = PBXBuildFile; fileRef = 30B4F2FE19D5E07200D9F7D8 /* Default-736h.png */; };
		30B4F30219D5E07200D9F7D8 /* Default-Landscape-736h.png in Resources */ = {isa = PBXBuildFile; fileRef = 30B4F2FF19D5E07200D9F7D8 /* Default-Landscape-736h.png */; };
		30C1856619D5FC0A00212699 /* icon-60@3x.png in Resources */ = {isa = PBXBuildFile; fileRef = 30C1856519D5FC0A00212699 /* icon-60@3x.png */; };
		30FC414916E50CA1004E6F35 /* icon-72@2x.png in Resources */ = {isa = PBXBuildFile; fileRef = 30FC414816E50CA1004E6F35 /* icon-72@2x.png */; };
		5B1594DD16A7569C00FEF299 /* AssetsLibrary.framework in Frameworks */ = {isa = PBXBuildFile; fileRef = 5B1594DC16A7569C00FEF299 /* AssetsLibrary.framework */; };
		7E7966DE1810823500FA85AD /* icon-40.png in Resources */ = {isa = PBXBuildFile; fileRef = 7E7966D41810823500FA85AD /* icon-40.png */; };
		7E7966DF1810823500FA85AD /* icon-40@2x.png in Resources */ = {isa = PBXBuildFile; fileRef = 7E7966D51810823500FA85AD /* icon-40@2x.png */; };
		7E7966E01810823500FA85AD /* icon-50.png in Resources */ = {isa = PBXBuildFile; fileRef = 7E7966D61810823500FA85AD /* icon-50.png */; };
		7E7966E11810823500FA85AD /* icon-50@2x.png in Resources */ = {isa = PBXBuildFile; fileRef = 7E7966D71810823500FA85AD /* icon-50@2x.png */; };
		7E7966E21810823500FA85AD /* icon-60.png in Resources */ = {isa = PBXBuildFile; fileRef = 7E7966D81810823500FA85AD /* icon-60.png */; };
		7E7966E31810823500FA85AD /* icon-60@2x.png in Resources */ = {isa = PBXBuildFile; fileRef = 7E7966D91810823500FA85AD /* icon-60@2x.png */; };
		7E7966E41810823500FA85AD /* icon-76.png in Resources */ = {isa = PBXBuildFile; fileRef = 7E7966DA1810823500FA85AD /* icon-76.png */; };
		7E7966E51810823500FA85AD /* icon-76@2x.png in Resources */ = {isa = PBXBuildFile; fileRef = 7E7966DB1810823500FA85AD /* icon-76@2x.png */; };
		7E7966E61810823500FA85AD /* icon-small.png in Resources */ = {isa = PBXBuildFile; fileRef = 7E7966DC1810823500FA85AD /* icon-small.png */; };
		7E7966E71810823500FA85AD /* icon-small@2x.png in Resources */ = {isa = PBXBuildFile; fileRef = 7E7966DD1810823500FA85AD /* icon-small@2x.png */; };
		D4A0D8761607E02300AEF8BB /* Default-568h@2x~iphone.png in Resources */ = {isa = PBXBuildFile; fileRef = D4A0D8751607E02300AEF8BB /* Default-568h@2x~iphone.png */; };
		03006EE8388B45BFBAADF45F /* libzbar.a in Frameworks */ = {isa = PBXBuildFile; fileRef = E500EFE53DE94DF88C8E9AEC /* libzbar.a */; };
		01D5D005A8024F5FB88A3499 /* CsZBar.m in Sources */ = {isa = PBXBuildFile; fileRef = 1950AFD2B6A84AB1979A40BC /* CsZBar.m */; };
		10B0F313A3F2429FA75B61DC /* AlmaZBarReaderViewController.m in Sources */ = {isa = PBXBuildFile; fileRef = 57D8FEF3D6C749F38F1556EE /* AlmaZBarReaderViewController.m */; };
		13027737595340F2AB8D69D9 /* CsZBarScanView.xib in Resources */ = {isa = PBXBuildFile; fileRef = CAA55CEA6C514AAB95A1F30A /* CsZBarScanView.xib */; };
		3C53FF10D26B47E5B1D99D0F /* AVFoundation.framework in Frameworks */ = {isa = PBXBuildFile; fileRef = 206D5E7F62A6448CB78DEE9E /* AVFoundation.framework */; };
		31778AA5843E45AC9D23A4B6 /* CoreMedia.framework in Frameworks */ = {isa = PBXBuildFile; fileRef = 8467DC883FBC49C387DAF621 /* CoreMedia.framework */; };
		D29DECAEDAC34A85846DF54F /* CoreVideo.framework in Frameworks */ = {isa = PBXBuildFile; fileRef = FBC9A362C55940369FAF71FA /* CoreVideo.framework */; };
		19EDABD083214233B3687EB6 /* QuartzCore.framework in Frameworks */ = {isa = PBXBuildFile; fileRef = 48C1EC1019C944C2BB268314 /* QuartzCore.framework */; };
		977ED9661AAB40F888EAB090 /* libiconv.dylib in Frameworks */ = {isa = PBXBuildFile; fileRef = 355A1AD12F8640749002D464 /* libiconv.dylib */; };
		B6C49104C078491187C3D3B2 /* CDVLogger.m in Sources */ = {isa = PBXBuildFile; fileRef = 2B6B8B16D1804FBDA252E1E8 /* CDVLogger.m */; };
		3F48DE699FAB472297566163 /* CDVDevice.m in Sources */ = {isa = PBXBuildFile; fileRef = B47CF432796148228D1ACE7A /* CDVDevice.m */; };
		86DEC441AAF642B2AA0BAAF1 /* CDVSplashScreen.m in Sources */ = {isa = PBXBuildFile; fileRef = FAFFFCE4C66342B8832D988A /* CDVSplashScreen.m */; };
		192731D9EB2E48DE9BC2CF81 /* CDVViewController+SplashScreen.m in Sources */ = {isa = PBXBuildFile; fileRef = 930859A3054548C5BC158652 /* CDVViewController+SplashScreen.m */; };
		FBC86049D12747FF859471FE /* CDVStatusBar.m in Sources */ = {isa = PBXBuildFile; fileRef = C882078101964C7989290CDE /* CDVStatusBar.m */; };
		A4DBDA6937D4432AB603D4A6 /* IonicKeyboard.m in Sources */ = {isa = PBXBuildFile; fileRef = B3F85998B44E4F4295165D62 /* IonicKeyboard.m */; };
		DE8C0A20738E495C94576B49 /* UIWebViewExtension.m in Sources */ = {isa = PBXBuildFile; fileRef = E46AD5EC7B1E46D4A83B89B0 /* UIWebViewExtension.m */; };
		8CA59C0122AF4951A5D0853F /* CDVLocation.m in Sources */ = {isa = PBXBuildFile; fileRef = 93F0ED61C95D4B55A304B52F /* CDVLocation.m */; };
		FEFA3FDDB6C54376803BE86A /* CoreLocation.framework in Frameworks */ = {isa = PBXBuildFile; fileRef = 3BE599E3D8F54F48A21AB919 /* CoreLocation.framework */; };
/* End PBXBuildFile section */

/* Begin PBXContainerItemProxy section */
		301BF534109A57CC0062928A /* PBXContainerItemProxy */ = {
			isa = PBXContainerItemProxy;
			containerPortal = 301BF52D109A57CC0062928A /* CordovaLib.xcodeproj */;
			proxyType = 2;
			remoteGlobalIDString = D2AAC07E0554694100DB518D;
			remoteInfo = CordovaLib;
		};
		301BF550109A68C00062928A /* PBXContainerItemProxy */ = {
			isa = PBXContainerItemProxy;
			containerPortal = 301BF52D109A57CC0062928A /* CordovaLib.xcodeproj */;
			proxyType = 1;
			remoteGlobalIDString = D2AAC07D0554694100DB518D;
			remoteInfo = CordovaLib;
		};
/* End PBXContainerItemProxy section */

/* Begin PBXFileReference section */
		1D3623240D0F684500981E51 /* AppDelegate.h */ = {isa = PBXFileReference; fileEncoding = 4; lastKnownFileType = sourcecode.c.h; path = AppDelegate.h; sourceTree = "<group>"; };
		1D3623250D0F684500981E51 /* AppDelegate.m */ = {isa = PBXFileReference; fileEncoding = 4; lastKnownFileType = sourcecode.c.objc; path = AppDelegate.m; sourceTree = "<group>"; };
		1D6058910D05DD3D006BFB54 /* ProjectoMovilUMG.app */ = {isa = PBXFileReference; explicitFileType = wrapper.application; includeInIndex = 0; path = "ProjectoMovilUMG.app"; sourceTree = BUILT_PRODUCTS_DIR; };
		1F766FDD13BBADB100FB74C0 /* en */ = {isa = PBXFileReference; lastKnownFileType = text.plist.strings; name = en; path = Localizable.strings; sourceTree = "<group>"; };
		1F766FE013BBADB100FB74C0 /* es */ = {isa = PBXFileReference; lastKnownFileType = text.plist.strings; name = es; path = Localizable.strings; sourceTree = "<group>"; };
		288765FC0DF74451002DB57D /* CoreGraphics.framework */ = {isa = PBXFileReference; lastKnownFileType = wrapper.framework; name = CoreGraphics.framework; path = System/Library/Frameworks/CoreGraphics.framework; sourceTree = SDKROOT; };
		29B97316FDCFA39411CA2CEA /* main.m */ = {isa = PBXFileReference; fileEncoding = 4; lastKnownFileType = sourcecode.c.objc; path = main.m; sourceTree = "<group>"; };
		301BF52D109A57CC0062928A /* CordovaLib.xcodeproj */ = {isa = PBXFileReference; lastKnownFileType = "wrapper.pb-project"; name = CordovaLib.xcodeproj; path = CordovaLib/CordovaLib.xcodeproj; sourceTree = "<group>"; };
		301BF56E109A69640062928A /* www */ = {isa = PBXFileReference; lastKnownFileType = folder; path = www; sourceTree = SOURCE_ROOT; };
		302D95EE14D2391D003F00A1 /* MainViewController.h */ = {isa = PBXFileReference; fileEncoding = 4; lastKnownFileType = sourcecode.c.h; path = MainViewController.h; sourceTree = "<group>"; };
		302D95EF14D2391D003F00A1 /* MainViewController.m */ = {isa = PBXFileReference; fileEncoding = 4; lastKnownFileType = sourcecode.c.objc; path = MainViewController.m; sourceTree = "<group>"; };
		302D95F014D2391D003F00A1 /* MainViewController.xib */ = {isa = PBXFileReference; fileEncoding = 4; lastKnownFileType = file.xib; path = MainViewController.xib; sourceTree = "<group>"; };
		305D5FD0115AB8F900A74A75 /* MobileCoreServices.framework */ = {isa = PBXFileReference; lastKnownFileType = wrapper.framework; name = MobileCoreServices.framework; path = System/Library/Frameworks/MobileCoreServices.framework; sourceTree = SDKROOT; };
		3088BBB7154F3926009F9C59 /* Default-Landscape@2x~ipad.png */ = {isa = PBXFileReference; lastKnownFileType = image.png; path = "Default-Landscape@2x~ipad.png"; sourceTree = "<group>"; };
		3088BBB8154F3926009F9C59 /* Default-Landscape~ipad.png */ = {isa = PBXFileReference; lastKnownFileType = image.png; path = "Default-Landscape~ipad.png"; sourceTree = "<group>"; };
		3088BBB9154F3926009F9C59 /* Default-Portrait@2x~ipad.png */ = {isa = PBXFileReference; lastKnownFileType = image.png; path = "Default-Portrait@2x~ipad.png"; sourceTree = "<group>"; };
		3088BBBA154F3926009F9C59 /* Default-Portrait~ipad.png */ = {isa = PBXFileReference; lastKnownFileType = image.png; path = "Default-Portrait~ipad.png"; sourceTree = "<group>"; };
		3088BBBB154F3926009F9C59 /* Default@2x~iphone.png */ = {isa = PBXFileReference; lastKnownFileType = image.png; path = "Default@2x~iphone.png"; sourceTree = "<group>"; };
		3088BBBC154F3926009F9C59 /* Default~iphone.png */ = {isa = PBXFileReference; lastKnownFileType = image.png; path = "Default~iphone.png"; sourceTree = "<group>"; };
		308D052E1370CCF300D202BF /* icon-72.png */ = {isa = PBXFileReference; lastKnownFileType = image.png; path = "icon-72.png"; sourceTree = "<group>"; };
		308D052F1370CCF300D202BF /* icon.png */ = {isa = PBXFileReference; lastKnownFileType = image.png; path = icon.png; sourceTree = "<group>"; };
		308D05301370CCF300D202BF /* icon@2x.png */ = {isa = PBXFileReference; lastKnownFileType = image.png; path = "icon@2x.png"; sourceTree = "<group>"; };
		30B4F2FD19D5E07200D9F7D8 /* Default-667h.png */ = {isa = PBXFileReference; lastKnownFileType = image.png; path = "Default-667h.png"; sourceTree = "<group>"; };
		30B4F2FE19D5E07200D9F7D8 /* Default-736h.png */ = {isa = PBXFileReference; lastKnownFileType = image.png; path = "Default-736h.png"; sourceTree = "<group>"; };
		30B4F2FF19D5E07200D9F7D8 /* Default-Landscape-736h.png */ = {isa = PBXFileReference; lastKnownFileType = image.png; path = "Default-Landscape-736h.png"; sourceTree = "<group>"; };
		30C1856519D5FC0A00212699 /* icon-60@3x.png */ = {isa = PBXFileReference; lastKnownFileType = image.png; path = "icon-60@3x.png"; sourceTree = "<group>"; };
		30FC414816E50CA1004E6F35 /* icon-72@2x.png */ = {isa = PBXFileReference; lastKnownFileType = image.png; path = "icon-72@2x.png"; sourceTree = "<group>"; };
		32CA4F630368D1EE00C91783 /* ProjectoMovilUMG-Prefix.pch */ = {isa = PBXFileReference; fileEncoding = 4; lastKnownFileType = sourcecode.c.h; path = "ProjectoMovilUMG-Prefix.pch"; sourceTree = "<group>"; };
		5B1594DC16A7569C00FEF299 /* AssetsLibrary.framework */ = {isa = PBXFileReference; lastKnownFileType = wrapper.framework; name = AssetsLibrary.framework; path = System/Library/Frameworks/AssetsLibrary.framework; sourceTree = SDKROOT; };
		7E7966D41810823500FA85AD /* icon-40.png */ = {isa = PBXFileReference; lastKnownFileType = image.png; path = "icon-40.png"; sourceTree = "<group>"; };
		7E7966D51810823500FA85AD /* icon-40@2x.png */ = {isa = PBXFileReference; lastKnownFileType = image.png; path = "icon-40@2x.png"; sourceTree = "<group>"; };
		7E7966D61810823500FA85AD /* icon-50.png */ = {isa = PBXFileReference; lastKnownFileType = image.png; path = "icon-50.png"; sourceTree = "<group>"; };
		7E7966D71810823500FA85AD /* icon-50@2x.png */ = {isa = PBXFileReference; lastKnownFileType = image.png; path = "icon-50@2x.png"; sourceTree = "<group>"; };
		7E7966D81810823500FA85AD /* icon-60.png */ = {isa = PBXFileReference; lastKnownFileType = image.png; path = "icon-60.png"; sourceTree = "<group>"; };
		7E7966D91810823500FA85AD /* icon-60@2x.png */ = {isa = PBXFileReference; lastKnownFileType = image.png; path = "icon-60@2x.png"; sourceTree = "<group>"; };
		7E7966DA1810823500FA85AD /* icon-76.png */ = {isa = PBXFileReference; lastKnownFileType = image.png; path = "icon-76.png"; sourceTree = "<group>"; };
		7E7966DB1810823500FA85AD /* icon-76@2x.png */ = {isa = PBXFileReference; lastKnownFileType = image.png; path = "icon-76@2x.png"; sourceTree = "<group>"; };
		7E7966DC1810823500FA85AD /* icon-small.png */ = {isa = PBXFileReference; lastKnownFileType = image.png; path = "icon-small.png"; sourceTree = "<group>"; };
		7E7966DD1810823500FA85AD /* icon-small@2x.png */ = {isa = PBXFileReference; lastKnownFileType = image.png; path = "icon-small@2x.png"; sourceTree = "<group>"; };
		8D1107310486CEB800E47090 /* ProjectoMovilUMG-Info.plist */ = {isa = PBXFileReference; fileEncoding = 4; lastKnownFileType = text.plist.xml; name = "ProjectoMovilUMG-Info.plist"; path = "../ProjectoMovilUMG-Info.plist"; plistStructureDefinitionIdentifier = "com.apple.xcode.plist.structure-definition.iphone.info-plist"; sourceTree = "<group>"; };
		D4A0D8751607E02300AEF8BB /* Default-568h@2x~iphone.png */ = {isa = PBXFileReference; lastKnownFileType = image.png; path = "Default-568h@2x~iphone.png"; sourceTree = "<group>"; };
		EB87FDF21871DA7A0020F90C /* merges */ = {isa = PBXFileReference; lastKnownFileType = folder; name = merges; path = ../../merges; sourceTree = "<group>"; };
		EB87FDF31871DA8E0020F90C /* www */ = {isa = PBXFileReference; lastKnownFileType = folder; name = www; path = ../../www; sourceTree = "<group>"; };
		EB87FDF41871DAF40020F90C /* config.xml */ = {isa = PBXFileReference; lastKnownFileType = text.xml; name = config.xml; path = ../../config.xml; sourceTree = "<group>"; };
		F840E1F0165FE0F500CFE078 /* config.xml */ = {isa = PBXFileReference; lastKnownFileType = text.xml; name = config.xml; path = "ProjectoMovilUMG/config.xml"; sourceTree = "<group>"; };
		E500EFE53DE94DF88C8E9AEC /* libzbar.a */ = {isa = PBXFileReference; lastKnownFileType = archive.ar; name = "libzbar.a"; path = "ProjectoMovilUMG/Plugins/org.madmobile.cordovaplugins.zbarscanner/libzbar.a"; sourceTree = "<group>"; fileEncoding = 4; };
		1950AFD2B6A84AB1979A40BC /* CsZBar.m */ = {isa = PBXFileReference; lastKnownFileType = sourcecode.c.objc; name = "CsZBar.m"; path = "org.madmobile.cordovaplugins.zbarscanner/CsZBar.m"; sourceTree = "<group>"; fileEncoding = 4; };
		57D8FEF3D6C749F38F1556EE /* AlmaZBarReaderViewController.m */ = {isa = PBXFileReference; lastKnownFileType = sourcecode.c.objc; name = "AlmaZBarReaderViewController.m"; path = "org.madmobile.cordovaplugins.zbarscanner/AlmaZBarReaderViewController.m"; sourceTree = "<group>"; fileEncoding = 4; };
		ACE3A51683D34439BB0DEF08 /* CsZBar.h */ = {isa = PBXFileReference; lastKnownFileType = sourcecode.c.h; name = "CsZBar.h"; path = "org.madmobile.cordovaplugins.zbarscanner/CsZBar.h"; sourceTree = "<group>"; fileEncoding = 4; };
		1C98E4D842B74AE0A8B54A76 /* AlmaZBarReaderViewController.h */ = {isa = PBXFileReference; lastKnownFileType = sourcecode.c.h; name = "AlmaZBarReaderViewController.h"; path = "org.madmobile.cordovaplugins.zbarscanner/AlmaZBarReaderViewController.h"; sourceTree = "<group>"; fileEncoding = 4; };
		6B3465EAF64D4DE78DA7A854 /* ZBarCameraSimulator.h */ = {isa = PBXFileReference; lastKnownFileType = sourcecode.c.h; name = "ZBarCameraSimulator.h"; path = "org.madmobile.cordovaplugins.zbarscanner/ZBarCameraSimulator.h"; sourceTree = "<group>"; fileEncoding = 4; };
		3677B3D10FBF4DF28D7C2445 /* ZBarCaptureReader.h */ = {isa = PBXFileReference; lastKnownFileType = sourcecode.c.h; name = "ZBarCaptureReader.h"; path = "org.madmobile.cordovaplugins.zbarscanner/ZBarCaptureReader.h"; sourceTree = "<group>"; fileEncoding = 4; };
		4CDA5937E5464AA583497C5E /* ZBarHelpController.h */ = {isa = PBXFileReference; lastKnownFileType = sourcecode.c.h; name = "ZBarHelpController.h"; path = "org.madmobile.cordovaplugins.zbarscanner/ZBarHelpController.h"; sourceTree = "<group>"; fileEncoding = 4; };
		9131B85A0337467886582903 /* ZBarImage.h */ = {isa = PBXFileReference; lastKnownFileType = sourcecode.c.h; name = "ZBarImage.h"; path = "org.madmobile.cordovaplugins.zbarscanner/ZBarImage.h"; sourceTree = "<group>"; fileEncoding = 4; };
		7B25127A136544308936A7BF /* ZBarImageScanner.h */ = {isa = PBXFileReference; lastKnownFileType = sourcecode.c.h; name = "ZBarImageScanner.h"; path = "org.madmobile.cordovaplugins.zbarscanner/ZBarImageScanner.h"; sourceTree = "<group>"; fileEncoding = 4; };
		65DBFD53BFB041578507131E /* ZBarReaderController.h */ = {isa = PBXFileReference; lastKnownFileType = sourcecode.c.h; name = "ZBarReaderController.h"; path = "org.madmobile.cordovaplugins.zbarscanner/ZBarReaderController.h"; sourceTree = "<group>"; fileEncoding = 4; };
		B6DB762E30124AA0816840FC /* ZBarReaderView.h */ = {isa = PBXFileReference; lastKnownFileType = sourcecode.c.h; name = "ZBarReaderView.h"; path = "org.madmobile.cordovaplugins.zbarscanner/ZBarReaderView.h"; sourceTree = "<group>"; fileEncoding = 4; };
		8E8FD48EF8154AF39E60E05D /* ZBarReaderViewController.h */ = {isa = PBXFileReference; lastKnownFileType = sourcecode.c.h; name = "ZBarReaderViewController.h"; path = "org.madmobile.cordovaplugins.zbarscanner/ZBarReaderViewController.h"; sourceTree = "<group>"; fileEncoding = 4; };
		9827E9BD092048448D44877A /* ZBarSDK.h */ = {isa = PBXFileReference; lastKnownFileType = sourcecode.c.h; name = "ZBarSDK.h"; path = "org.madmobile.cordovaplugins.zbarscanner/ZBarSDK.h"; sourceTree = "<group>"; fileEncoding = 4; };
		5D5A33FE237B4BC793AB974E /* ZBarSymbol.h */ = {isa = PBXFileReference; lastKnownFileType = sourcecode.c.h; name = "ZBarSymbol.h"; path = "org.madmobile.cordovaplugins.zbarscanner/ZBarSymbol.h"; sourceTree = "<group>"; fileEncoding = 4; };
		26454F54836548EB82A9BCFD /* zbar.h */ = {isa = PBXFileReference; lastKnownFileType = sourcecode.c.h; name = "zbar.h"; path = "org.madmobile.cordovaplugins.zbarscanner/zbar.h"; sourceTree = "<group>"; fileEncoding = 4; };
		547A5D2FD857455CB2C7E9DF /* Decoder.h */ = {isa = PBXFileReference; lastKnownFileType = sourcecode.c.h; name = "Decoder.h"; path = "org.madmobile.cordovaplugins.zbarscanner/Decoder.h"; sourceTree = "<group>"; fileEncoding = 4; };
		CF7BCC363584413EA8E7F31D /* Exception.h */ = {isa = PBXFileReference; lastKnownFileType = sourcecode.c.h; name = "Exception.h"; path = "org.madmobile.cordovaplugins.zbarscanner/Exception.h"; sourceTree = "<group>"; fileEncoding = 4; };
		82B92538FCA04884BC980A8B /* Image.h */ = {isa = PBXFileReference; lastKnownFileType = sourcecode.c.h; name = "Image.h"; path = "org.madmobile.cordovaplugins.zbarscanner/Image.h"; sourceTree = "<group>"; fileEncoding = 4; };
		C9FDE5384FFD46A6AC34CD86 /* ImageScanner.h */ = {isa = PBXFileReference; lastKnownFileType = sourcecode.c.h; name = "ImageScanner.h"; path = "org.madmobile.cordovaplugins.zbarscanner/ImageScanner.h"; sourceTree = "<group>"; fileEncoding = 4; };
		10DDB1BA628C48D684C0ED86 /* Processor.h */ = {isa = PBXFileReference; lastKnownFileType = sourcecode.c.h; name = "Processor.h"; path = "org.madmobile.cordovaplugins.zbarscanner/Processor.h"; sourceTree = "<group>"; fileEncoding = 4; };
		88022D98748B45469D4AEEB5 /* Scanner.h */ = {isa = PBXFileReference; lastKnownFileType = sourcecode.c.h; name = "Scanner.h"; path = "org.madmobile.cordovaplugins.zbarscanner/Scanner.h"; sourceTree = "<group>"; fileEncoding = 4; };
		62E185E5AF234CCC818E2A11 /* Symbol.h */ = {isa = PBXFileReference; lastKnownFileType = sourcecode.c.h; name = "Symbol.h"; path = "org.madmobile.cordovaplugins.zbarscanner/Symbol.h"; sourceTree = "<group>"; fileEncoding = 4; };
		9827410CA5BE434B93D6D1BD /* Video.h */ = {isa = PBXFileReference; lastKnownFileType = sourcecode.c.h; name = "Video.h"; path = "org.madmobile.cordovaplugins.zbarscanner/Video.h"; sourceTree = "<group>"; fileEncoding = 4; };
		28739AAC0AE84125B915A450 /* Window.h */ = {isa = PBXFileReference; lastKnownFileType = sourcecode.c.h; name = "Window.h"; path = "org.madmobile.cordovaplugins.zbarscanner/Window.h"; sourceTree = "<group>"; fileEncoding = 4; };
		CAA55CEA6C514AAB95A1F30A /* CsZBarScanView.xib */ = {isa = PBXFileReference; lastKnownFileType = file.xib; name = "CsZBarScanView.xib"; path = "CsZBarScanView.xib"; sourceTree = "<group>"; fileEncoding = 4; };
		206D5E7F62A6448CB78DEE9E /* AVFoundation.framework */ = {isa = PBXFileReference; lastKnownFileType = wrapper.framework; name = "AVFoundation.framework"; path = "System/Library/Frameworks/AVFoundation.framework"; sourceTree = SDKROOT; fileEncoding = 4; };
		8467DC883FBC49C387DAF621 /* CoreMedia.framework */ = {isa = PBXFileReference; lastKnownFileType = wrapper.framework; name = "CoreMedia.framework"; path = "System/Library/Frameworks/CoreMedia.framework"; sourceTree = SDKROOT; fileEncoding = 4; };
		FBC9A362C55940369FAF71FA /* CoreVideo.framework */ = {isa = PBXFileReference; lastKnownFileType = wrapper.framework; name = "CoreVideo.framework"; path = "System/Library/Frameworks/CoreVideo.framework"; sourceTree = SDKROOT; fileEncoding = 4; };
		48C1EC1019C944C2BB268314 /* QuartzCore.framework */ = {isa = PBXFileReference; lastKnownFileType = wrapper.framework; name = "QuartzCore.framework"; path = "System/Library/Frameworks/QuartzCore.framework"; sourceTree = SDKROOT; fileEncoding = 4; };
		355A1AD12F8640749002D464 /* libiconv.dylib */ = {isa = PBXFileReference; lastKnownFileType = "compiled.mach-o.dylib"; name = "libiconv.dylib"; path = "usr/lib/libiconv.dylib"; sourceTree = SDKROOT; fileEncoding = 4; };
		2B6B8B16D1804FBDA252E1E8 /* CDVLogger.m */ = {isa = PBXFileReference; lastKnownFileType = sourcecode.c.objc; name = "CDVLogger.m"; path = "cordova-plugin-console/CDVLogger.m"; sourceTree = "<group>"; fileEncoding = 4; };
		26AB41861DE243F59E3AB7DF /* CDVLogger.h */ = {isa = PBXFileReference; lastKnownFileType = sourcecode.c.h; name = "CDVLogger.h"; path = "cordova-plugin-console/CDVLogger.h"; sourceTree = "<group>"; fileEncoding = 4; };
		B47CF432796148228D1ACE7A /* CDVDevice.m */ = {isa = PBXFileReference; lastKnownFileType = sourcecode.c.objc; name = "CDVDevice.m"; path = "cordova-plugin-device/CDVDevice.m"; sourceTree = "<group>"; fileEncoding = 4; };
		4EDC4F297879420783627421 /* CDVDevice.h */ = {isa = PBXFileReference; lastKnownFileType = sourcecode.c.h; name = "CDVDevice.h"; path = "cordova-plugin-device/CDVDevice.h"; sourceTree = "<group>"; fileEncoding = 4; };
		FAFFFCE4C66342B8832D988A /* CDVSplashScreen.m */ = {isa = PBXFileReference; lastKnownFileType = sourcecode.c.objc; name = "CDVSplashScreen.m"; path = "cordova-plugin-splashscreen/CDVSplashScreen.m"; sourceTree = "<group>"; fileEncoding = 4; };
		930859A3054548C5BC158652 /* CDVViewController+SplashScreen.m */ = {isa = PBXFileReference; lastKnownFileType = sourcecode.c.objc; name = "CDVViewController+SplashScreen.m"; path = "cordova-plugin-splashscreen/CDVViewController+SplashScreen.m"; sourceTree = "<group>"; fileEncoding = 4; };
		525977DF0C414DA7BC4B5D7D /* CDVSplashScreen.h */ = {isa = PBXFileReference; lastKnownFileType = sourcecode.c.h; name = "CDVSplashScreen.h"; path = "cordova-plugin-splashscreen/CDVSplashScreen.h"; sourceTree = "<group>"; fileEncoding = 4; };
		150E0D3F914F4AE4BD391373 /* CDVViewController+SplashScreen.h */ = {isa = PBXFileReference; lastKnownFileType = sourcecode.c.h; name = "CDVViewController+SplashScreen.h"; path = "cordova-plugin-splashscreen/CDVViewController+SplashScreen.h"; sourceTree = "<group>"; fileEncoding = 4; };
		C882078101964C7989290CDE /* CDVStatusBar.m */ = {isa = PBXFileReference; lastKnownFileType = sourcecode.c.objc; name = "CDVStatusBar.m"; path = "cordova-plugin-statusbar/CDVStatusBar.m"; sourceTree = "<group>"; fileEncoding = 4; };
		FBC9FB5ABF114B1188C54650 /* CDVStatusBar.h */ = {isa = PBXFileReference; lastKnownFileType = sourcecode.c.h; name = "CDVStatusBar.h"; path = "cordova-plugin-statusbar/CDVStatusBar.h"; sourceTree = "<group>"; fileEncoding = 4; };
		B3F85998B44E4F4295165D62 /* IonicKeyboard.m */ = {isa = PBXFileReference; lastKnownFileType = sourcecode.c.objc; name = "IonicKeyboard.m"; path = "ionic-plugin-keyboard/IonicKeyboard.m"; sourceTree = "<group>"; fileEncoding = 4; };
		E46AD5EC7B1E46D4A83B89B0 /* UIWebViewExtension.m */ = {isa = PBXFileReference; lastKnownFileType = sourcecode.c.objc; name = "UIWebViewExtension.m"; path = "ionic-plugin-keyboard/UIWebViewExtension.m"; sourceTree = "<group>"; fileEncoding = 4; };
		FCD0E506AEED430F880C704A /* IonicKeyboard.h */ = {isa = PBXFileReference; lastKnownFileType = sourcecode.c.h; name = "IonicKeyboard.h"; path = "ionic-plugin-keyboard/IonicKeyboard.h"; sourceTree = "<group>"; fileEncoding = 4; };
		F0DE87B3D8084C0580CE70D9 /* UIWebViewExtension.h */ = {isa = PBXFileReference; lastKnownFileType = sourcecode.c.h; name = "UIWebViewExtension.h"; path = "ionic-plugin-keyboard/UIWebViewExtension.h"; sourceTree = "<group>"; fileEncoding = 4; };
		93F0ED61C95D4B55A304B52F /* CDVLocation.m */ = {isa = PBXFileReference; lastKnownFileType = sourcecode.c.objc; name = "CDVLocation.m"; path = "cordova-plugin-geolocation/CDVLocation.m"; sourceTree = "<group>"; fileEncoding = 4; };
		AEA0970790674CB4A7C706D5 /* CDVLocation.h */ = {isa = PBXFileReference; lastKnownFileType = sourcecode.c.h; name = "CDVLocation.h"; path = "cordova-plugin-geolocation/CDVLocation.h"; sourceTree = "<group>"; fileEncoding = 4; };
		3BE599E3D8F54F48A21AB919 /* CoreLocation.framework */ = {isa = PBXFileReference; lastKnownFileType = wrapper.framework; name = "CoreLocation.framework"; path = "System/Library/Frameworks/CoreLocation.framework"; sourceTree = SDKROOT; fileEncoding = 4; };
/* End PBXFileReference section */

/* Begin PBXFrameworksBuildPhase section */
		1D60588F0D05DD3D006BFB54 /* Frameworks */ = {
			isa = PBXFrameworksBuildPhase;
			buildActionMask = 2147483647;
			files = (
				5B1594DD16A7569C00FEF299 /* AssetsLibrary.framework in Frameworks */,
				301BF552109A68D80062928A /* libCordova.a in Frameworks */,
				288765FD0DF74451002DB57D /* CoreGraphics.framework in Frameworks */,
				305D5FD1115AB8F900A74A75 /* MobileCoreServices.framework in Frameworks */,
				03006EE8388B45BFBAADF45F /* libzbar.a in Frameworks */,
				3C53FF10D26B47E5B1D99D0F /* AVFoundation.framework in Frameworks */,
				31778AA5843E45AC9D23A4B6 /* CoreMedia.framework in Frameworks */,
				D29DECAEDAC34A85846DF54F /* CoreVideo.framework in Frameworks */,
				19EDABD083214233B3687EB6 /* QuartzCore.framework in Frameworks */,
				977ED9661AAB40F888EAB090 /* libiconv.dylib in Frameworks */,
				FEFA3FDDB6C54376803BE86A /* CoreLocation.framework in Frameworks */,
			);
			runOnlyForDeploymentPostprocessing = 0;
		};
/* End PBXFrameworksBuildPhase section */

/* Begin PBXGroup section */
		080E96DDFE201D6D7F000001 /* Classes */ = {
			isa = PBXGroup;
			children = (
				302D95EE14D2391D003F00A1 /* MainViewController.h */,
				302D95EF14D2391D003F00A1 /* MainViewController.m */,
				302D95F014D2391D003F00A1 /* MainViewController.xib */,
				1D3623240D0F684500981E51 /* AppDelegate.h */,
				1D3623250D0F684500981E51 /* AppDelegate.m */,
			);
			name = Classes;
			path = "ProjectoMovilUMG/Classes";
			sourceTree = SOURCE_ROOT;
		};
		19C28FACFE9D520D11CA2CBB /* Products */ = {
			isa = PBXGroup;
			children = (
				1D6058910D05DD3D006BFB54 /* ProjectoMovilUMG.app */,
			);
			name = Products;
			sourceTree = "<group>";
		};
		29B97314FDCFA39411CA2CEA /* CustomTemplate */ = {
			isa = PBXGroup;
			children = (
				EB87FDF41871DAF40020F90C /* config.xml */,
				EB87FDF31871DA8E0020F90C /* www */,
				EB87FDF21871DA7A0020F90C /* merges */,
				EB87FDF11871DA420020F90C /* Staging */,
				301BF52D109A57CC0062928A /* CordovaLib.xcodeproj */,
				080E96DDFE201D6D7F000001 /* Classes */,
				307C750510C5A3420062BCA9 /* Plugins */,
				29B97315FDCFA39411CA2CEA /* Other Sources */,
				29B97317FDCFA39411CA2CEA /* Resources */,
				29B97323FDCFA39411CA2CEA /* Frameworks */,
				19C28FACFE9D520D11CA2CBB /* Products */,
			);
			name = CustomTemplate;
			sourceTree = "<group>";
		};
		29B97315FDCFA39411CA2CEA /* Other Sources */ = {
			isa = PBXGroup;
			children = (
				32CA4F630368D1EE00C91783 /* ProjectoMovilUMG-Prefix.pch */,
				29B97316FDCFA39411CA2CEA /* main.m */,
			);
			name = "Other Sources";
			path = "ProjectoMovilUMG";
			sourceTree = "<group>";
		};
		29B97317FDCFA39411CA2CEA /* Resources */ = {
			isa = PBXGroup;
			children = (
				308D052D1370CCF300D202BF /* icons */,
				308D05311370CCF300D202BF /* splash */,
				8D1107310486CEB800E47090 /* ProjectoMovilUMG-Info.plist */,
				CAA55CEA6C514AAB95A1F30A /* CsZBarScanView.xib */,
			);
			name = Resources;
			path = "ProjectoMovilUMG/Resources";
			sourceTree = "<group>";
		};
		29B97323FDCFA39411CA2CEA /* Frameworks */ = {
			isa = PBXGroup;
			children = (
				5B1594DC16A7569C00FEF299 /* AssetsLibrary.framework */,
				288765FC0DF74451002DB57D /* CoreGraphics.framework */,
				305D5FD0115AB8F900A74A75 /* MobileCoreServices.framework */,
				E500EFE53DE94DF88C8E9AEC /* libzbar.a */,
				206D5E7F62A6448CB78DEE9E /* AVFoundation.framework */,
				8467DC883FBC49C387DAF621 /* CoreMedia.framework */,
				FBC9A362C55940369FAF71FA /* CoreVideo.framework */,
				48C1EC1019C944C2BB268314 /* QuartzCore.framework */,
				355A1AD12F8640749002D464 /* libiconv.dylib */,
				3BE599E3D8F54F48A21AB919 /* CoreLocation.framework */,
			);
			name = Frameworks;
			sourceTree = "<group>";
		};
		301BF52E109A57CC0062928A /* Products */ = {
			isa = PBXGroup;
			children = (
				301BF535109A57CC0062928A /* libCordova.a */,
			);
			name = Products;
			sourceTree = "<group>";
		};
		307C750510C5A3420062BCA9 /* Plugins */ = {
			isa = PBXGroup;
			children = (
				1950AFD2B6A84AB1979A40BC /* CsZBar.m */,
				57D8FEF3D6C749F38F1556EE /* AlmaZBarReaderViewController.m */,
				ACE3A51683D34439BB0DEF08 /* CsZBar.h */,
				1C98E4D842B74AE0A8B54A76 /* AlmaZBarReaderViewController.h */,
				6B3465EAF64D4DE78DA7A854 /* ZBarCameraSimulator.h */,
				3677B3D10FBF4DF28D7C2445 /* ZBarCaptureReader.h */,
				4CDA5937E5464AA583497C5E /* ZBarHelpController.h */,
				9131B85A0337467886582903 /* ZBarImage.h */,
				7B25127A136544308936A7BF /* ZBarImageScanner.h */,
				65DBFD53BFB041578507131E /* ZBarReaderController.h */,
				B6DB762E30124AA0816840FC /* ZBarReaderView.h */,
				8E8FD48EF8154AF39E60E05D /* ZBarReaderViewController.h */,
				9827E9BD092048448D44877A /* ZBarSDK.h */,
				5D5A33FE237B4BC793AB974E /* ZBarSymbol.h */,
				26454F54836548EB82A9BCFD /* zbar.h */,
				547A5D2FD857455CB2C7E9DF /* Decoder.h */,
				CF7BCC363584413EA8E7F31D /* Exception.h */,
				82B92538FCA04884BC980A8B /* Image.h */,
				C9FDE5384FFD46A6AC34CD86 /* ImageScanner.h */,
				10DDB1BA628C48D684C0ED86 /* Processor.h */,
				88022D98748B45469D4AEEB5 /* Scanner.h */,
				62E185E5AF234CCC818E2A11 /* Symbol.h */,
				9827410CA5BE434B93D6D1BD /* Video.h */,
				28739AAC0AE84125B915A450 /* Window.h */,
				2B6B8B16D1804FBDA252E1E8 /* CDVLogger.m */,
				26AB41861DE243F59E3AB7DF /* CDVLogger.h */,
				B47CF432796148228D1ACE7A /* CDVDevice.m */,
				4EDC4F297879420783627421 /* CDVDevice.h */,
				FAFFFCE4C66342B8832D988A /* CDVSplashScreen.m */,
				930859A3054548C5BC158652 /* CDVViewController+SplashScreen.m */,
				525977DF0C414DA7BC4B5D7D /* CDVSplashScreen.h */,
				150E0D3F914F4AE4BD391373 /* CDVViewController+SplashScreen.h */,
				C882078101964C7989290CDE /* CDVStatusBar.m */,
				FBC9FB5ABF114B1188C54650 /* CDVStatusBar.h */,
				B3F85998B44E4F4295165D62 /* IonicKeyboard.m */,
				E46AD5EC7B1E46D4A83B89B0 /* UIWebViewExtension.m */,
				FCD0E506AEED430F880C704A /* IonicKeyboard.h */,
				F0DE87B3D8084C0580CE70D9 /* UIWebViewExtension.h */,
				93F0ED61C95D4B55A304B52F /* CDVLocation.m */,
				AEA0970790674CB4A7C706D5 /* CDVLocation.h */,
			);
			name = Plugins;
			path = "ProjectoMovilUMG/Plugins";
			sourceTree = SOURCE_ROOT;
		};
		308D052D1370CCF300D202BF /* icons */ = {
			isa = PBXGroup;
			children = (
				30C1856519D5FC0A00212699 /* icon-60@3x.png */,
				7E7966D41810823500FA85AD /* icon-40.png */,
				7E7966D51810823500FA85AD /* icon-40@2x.png */,
				7E7966D61810823500FA85AD /* icon-50.png */,
				7E7966D71810823500FA85AD /* icon-50@2x.png */,
				7E7966D81810823500FA85AD /* icon-60.png */,
				7E7966D91810823500FA85AD /* icon-60@2x.png */,
				7E7966DA1810823500FA85AD /* icon-76.png */,
				7E7966DB1810823500FA85AD /* icon-76@2x.png */,
				7E7966DC1810823500FA85AD /* icon-small.png */,
				7E7966DD1810823500FA85AD /* icon-small@2x.png */,
				30FC414816E50CA1004E6F35 /* icon-72@2x.png */,
				308D052E1370CCF300D202BF /* icon-72.png */,
				308D052F1370CCF300D202BF /* icon.png */,
				308D05301370CCF300D202BF /* icon@2x.png */,
			);
			path = icons;
			sourceTree = "<group>";
		};
		308D05311370CCF300D202BF /* splash */ = {
			isa = PBXGroup;
			children = (
				30B4F2FD19D5E07200D9F7D8 /* Default-667h.png */,
				30B4F2FE19D5E07200D9F7D8 /* Default-736h.png */,
				30B4F2FF19D5E07200D9F7D8 /* Default-Landscape-736h.png */,
				D4A0D8751607E02300AEF8BB /* Default-568h@2x~iphone.png */,
				3088BBB7154F3926009F9C59 /* Default-Landscape@2x~ipad.png */,
				3088BBB8154F3926009F9C59 /* Default-Landscape~ipad.png */,
				3088BBB9154F3926009F9C59 /* Default-Portrait@2x~ipad.png */,
				3088BBBA154F3926009F9C59 /* Default-Portrait~ipad.png */,
				3088BBBB154F3926009F9C59 /* Default@2x~iphone.png */,
				3088BBBC154F3926009F9C59 /* Default~iphone.png */,
			);
			path = splash;
			sourceTree = "<group>";
		};
		EB87FDF11871DA420020F90C /* Staging */ = {
			isa = PBXGroup;
			children = (
				F840E1F0165FE0F500CFE078 /* config.xml */,
				301BF56E109A69640062928A /* www */,
			);
			name = Staging;
			sourceTree = "<group>";
		};
/* End PBXGroup section */

/* Begin PBXNativeTarget section */
		1D6058900D05DD3D006BFB54 /* ProjectoMovilUMG */ = {
			isa = PBXNativeTarget;
			buildConfigurationList = 1D6058960D05DD3E006BFB54 /* Build configuration list for PBXNativeTarget "ProjectoMovilUMG" */;
			buildPhases = (
				304B58A110DAC018002A0835 /* Copy www directory */,
				1D60588D0D05DD3D006BFB54 /* Resources */,
				1D60588E0D05DD3D006BFB54 /* Sources */,
				1D60588F0D05DD3D006BFB54 /* Frameworks */,
			);
			buildRules = (
			);
			dependencies = (
				301BF551109A68C00062928A /* PBXTargetDependency */,
			);
			name = "ProjectoMovilUMG";
			productName = "ProjectoMovilUMG";
			productReference = 1D6058910D05DD3D006BFB54 /* ProjectoMovilUMG.app */;
			productType = "com.apple.product-type.application";
		};
/* End PBXNativeTarget section */

/* Begin PBXProject section */
		29B97313FDCFA39411CA2CEA /* Project object */ = {
			isa = PBXProject;
			attributes = {
				LastUpgradeCheck = 510;
			};
			buildConfigurationList = C01FCF4E08A954540054247B /* Build configuration list for PBXProject "__CLI__" */;
			compatibilityVersion = "Xcode 3.2";
			developmentRegion = English;
			hasScannedForEncodings = 1;
			knownRegions = (
				English,
				Japanese,
				French,
				German,
				en,
				es,
				de,
				se,
			);
			mainGroup = 29B97314FDCFA39411CA2CEA /* CustomTemplate */;
			projectDirPath = "";
			projectReferences = (
				{
					ProductGroup = 301BF52E109A57CC0062928A /* Products */;
					ProjectRef = 301BF52D109A57CC0062928A /* CordovaLib.xcodeproj */;
				},
			);
			projectRoot = "";
			targets = (
				1D6058900D05DD3D006BFB54 /* ProjectoMovilUMG */,
			);
		};
/* End PBXProject section */

/* Begin PBXReferenceProxy section */
		301BF535109A57CC0062928A /* libCordova.a */ = {
			isa = PBXReferenceProxy;
			fileType = archive.ar;
			path = libCordova.a;
			remoteRef = 301BF534109A57CC0062928A /* PBXContainerItemProxy */;
			sourceTree = BUILT_PRODUCTS_DIR;
		};
/* End PBXReferenceProxy section */

/* Begin PBXResourcesBuildPhase section */
		1D60588D0D05DD3D006BFB54 /* Resources */ = {
			isa = PBXResourcesBuildPhase;
			buildActionMask = 2147483647;
			files = (
				7E7966E41810823500FA85AD /* icon-76.png in Resources */,
				7E7966DF1810823500FA85AD /* icon-40@2x.png in Resources */,
				308D05371370CCF300D202BF /* icon-72.png in Resources */,
				30B4F30119D5E07200D9F7D8 /* Default-736h.png in Resources */,
				308D05381370CCF300D202BF /* icon.png in Resources */,
				308D05391370CCF300D202BF /* icon@2x.png in Resources */,
				302D95F214D2391D003F00A1 /* MainViewController.xib in Resources */,
				7E7966E01810823500FA85AD /* icon-50.png in Resources */,
				7E7966E31810823500FA85AD /* icon-60@2x.png in Resources */,
				7E7966E61810823500FA85AD /* icon-small.png in Resources */,
				3088BBBD154F3926009F9C59 /* Default-Landscape@2x~ipad.png in Resources */,
				3088BBBE154F3926009F9C59 /* Default-Landscape~ipad.png in Resources */,
				3088BBBF154F3926009F9C59 /* Default-Portrait@2x~ipad.png in Resources */,
				7E7966E71810823500FA85AD /* icon-small@2x.png in Resources */,
				3088BBC0154F3926009F9C59 /* Default-Portrait~ipad.png in Resources */,
				30B4F30019D5E07200D9F7D8 /* Default-667h.png in Resources */,
				7E7966DE1810823500FA85AD /* icon-40.png in Resources */,
				3088BBC1154F3926009F9C59 /* Default@2x~iphone.png in Resources */,
				7E7966E21810823500FA85AD /* icon-60.png in Resources */,
				3088BBC2154F3926009F9C59 /* Default~iphone.png in Resources */,
				D4A0D8761607E02300AEF8BB /* Default-568h@2x~iphone.png in Resources */,
				30B4F30219D5E07200D9F7D8 /* Default-Landscape-736h.png in Resources */,
				30C1856619D5FC0A00212699 /* icon-60@3x.png in Resources */,
				7E7966E11810823500FA85AD /* icon-50@2x.png in Resources */,
				7E7966E51810823500FA85AD /* icon-76@2x.png in Resources */,
				30FC414916E50CA1004E6F35 /* icon-72@2x.png in Resources */,
				13027737595340F2AB8D69D9 /* CsZBarScanView.xib in Resources */,
			);
			runOnlyForDeploymentPostprocessing = 0;
		};
/* End PBXResourcesBuildPhase section */

/* Begin PBXShellScriptBuildPhase section */
		304B58A110DAC018002A0835 /* Copy www directory */ = {
			isa = PBXShellScriptBuildPhase;
			buildActionMask = 2147483647;
			files = (
			);
			inputPaths = (
			);
			name = "Copy www directory";
			outputPaths = (
			);
			runOnlyForDeploymentPostprocessing = 0;
			shellPath = /bin/sh;
			shellScript = "cordova/lib/copy-www-build-step.sh";
			showEnvVarsInLog = 0;
		};
/* End PBXShellScriptBuildPhase section */

/* Begin PBXSourcesBuildPhase section */
		1D60588E0D05DD3D006BFB54 /* Sources */ = {
			isa = PBXSourcesBuildPhase;
			buildActionMask = 2147483647;
			files = (
				1D60589B0D05DD56006BFB54 /* main.m in Sources */,
				1D3623260D0F684500981E51 /* AppDelegate.m in Sources */,
				302D95F114D2391D003F00A1 /* MainViewController.m in Sources */,
				01D5D005A8024F5FB88A3499 /* CsZBar.m in Sources */,
				10B0F313A3F2429FA75B61DC /* AlmaZBarReaderViewController.m in Sources */,
				B6C49104C078491187C3D3B2 /* CDVLogger.m in Sources */,
				3F48DE699FAB472297566163 /* CDVDevice.m in Sources */,
				86DEC441AAF642B2AA0BAAF1 /* CDVSplashScreen.m in Sources */,
				192731D9EB2E48DE9BC2CF81 /* CDVViewController+SplashScreen.m in Sources */,
				FBC86049D12747FF859471FE /* CDVStatusBar.m in Sources */,
				A4DBDA6937D4432AB603D4A6 /* IonicKeyboard.m in Sources */,
				DE8C0A20738E495C94576B49 /* UIWebViewExtension.m in Sources */,
				8CA59C0122AF4951A5D0853F /* CDVLocation.m in Sources */,
			);
			runOnlyForDeploymentPostprocessing = 0;
		};
/* End PBXSourcesBuildPhase section */

/* Begin PBXTargetDependency section */
		301BF551109A68C00062928A /* PBXTargetDependency */ = {
			isa = PBXTargetDependency;
			name = CordovaLib;
			targetProxy = 301BF550109A68C00062928A /* PBXContainerItemProxy */;
		};
/* End PBXTargetDependency section */

/* Begin XCBuildConfiguration section */
		1D6058940D05DD3E006BFB54 /* Debug */ = {
			isa = XCBuildConfiguration;
			buildSettings = {
				ALWAYS_SEARCH_USER_PATHS = NO;
				CLANG_ENABLE_OBJC_ARC = YES;
				COPY_PHASE_STRIP = NO;
				GCC_DYNAMIC_NO_PIC = NO;
				GCC_OPTIMIZATION_LEVEL = 0;
				GCC_PRECOMPILE_PREFIX_HEADER = YES;
				GCC_PREFIX_HEADER = "ProjectoMovilUMG/ProjectoMovilUMG-Prefix.pch";
				GCC_THUMB_SUPPORT = NO;
				GCC_VERSION = "";
				INFOPLIST_FILE = "ProjectoMovilUMG/ProjectoMovilUMG-Info.plist";
				IPHONEOS_DEPLOYMENT_TARGET = 6.0;
				OTHER_LDFLAGS = (
					"-weak_framework",
					CoreFoundation,
					"-weak_framework",
					UIKit,
					"-weak_framework",
					AVFoundation,
					"-weak_framework",
					CoreMedia,
					"-weak-lSystem",
					"-ObjC",
				);
				PRODUCT_NAME = "ProjectoMovilUMG";
				TARGETED_DEVICE_FAMILY = "1,2";
				LIBRARY_SEARCH_PATHS = (
					"$(inherited)",
					"\"$(SRCROOT)/ProjectoMovilUMG/Plugins/org.madmobile.cordovaplugins.zbarscanner\"",
				);
			};
			name = Debug;
		};
		1D6058950D05DD3E006BFB54 /* Release */ = {
			isa = XCBuildConfiguration;
			buildSettings = {
				ALWAYS_SEARCH_USER_PATHS = NO;
				CLANG_ENABLE_OBJC_ARC = YES;
				COPY_PHASE_STRIP = YES;
				GCC_PRECOMPILE_PREFIX_HEADER = YES;
				GCC_PREFIX_HEADER = "ProjectoMovilUMG/ProjectoMovilUMG-Prefix.pch";
				GCC_THUMB_SUPPORT = NO;
				GCC_VERSION = "";
				INFOPLIST_FILE = "ProjectoMovilUMG/ProjectoMovilUMG-Info.plist";
				IPHONEOS_DEPLOYMENT_TARGET = 6.0;
				OTHER_LDFLAGS = (
					"-weak_framework",
					CoreFoundation,
					"-weak_framework",
					UIKit,
					"-weak_framework",
					AVFoundation,
					"-weak_framework",
					CoreMedia,
					"-weak-lSystem",
					"-ObjC",
				);
				PRODUCT_NAME = "ProjectoMovilUMG";
				TARGETED_DEVICE_FAMILY = "1,2";
				LIBRARY_SEARCH_PATHS = (
					"$(inherited)",
					"\"$(SRCROOT)/ProjectoMovilUMG/Plugins/org.madmobile.cordovaplugins.zbarscanner\"",
				);
			};
			name = Release;
		};
		C01FCF4F08A954540054247B /* Debug */ = {
			isa = XCBuildConfiguration;
			buildSettings = {
				CLANG_ENABLE_OBJC_ARC = YES;
				CLANG_WARN_BOOL_CONVERSION = YES;
				CLANG_WARN_CONSTANT_CONVERSION = YES;
				CLANG_WARN_EMPTY_BODY = YES;
				CLANG_WARN_ENUM_CONVERSION = YES;
				CLANG_WARN_INT_CONVERSION = YES;
				CLANG_WARN__DUPLICATE_METHOD_MATCH = YES;
				"CODE_SIGN_IDENTITY[sdk=iphoneos*]" = "iPhone Developer";
				GCC_C_LANGUAGE_STANDARD = c99;
				GCC_THUMB_SUPPORT = NO;
				GCC_VERSION = "";
				GCC_WARN_ABOUT_RETURN_TYPE = YES;
				GCC_WARN_UNDECLARED_SELECTOR = YES;
				GCC_WARN_UNINITIALIZED_AUTOS = YES;
				GCC_WARN_UNUSED_FUNCTION = YES;
				GCC_WARN_UNUSED_VARIABLE = YES;
				HEADER_SEARCH_PATHS = (
					"\"$(TARGET_BUILD_DIR)/usr/local/lib/include\"",
					"\"$(OBJROOT)/UninstalledProducts/include\"",
					"\"$(BUILT_PRODUCTS_DIR)\"",
				);
				IPHONEOS_DEPLOYMENT_TARGET = 6.0;
				ONLY_ACTIVE_ARCH = YES;
				OTHER_LDFLAGS = (
					"-weak_framework",
					CoreFoundation,
					"-weak_framework",
					UIKit,
					"-weak_framework",
					AVFoundation,
					"-weak_framework",
					CoreMedia,
					"-weak-lSystem",
					"-ObjC",
				);
				SDKROOT = iphoneos;
				SKIP_INSTALL = NO;
				USER_HEADER_SEARCH_PATHS = "";
			};
			name = Debug;
		};
		C01FCF5008A954540054247B /* Release */ = {
			isa = XCBuildConfiguration;
			buildSettings = {
				CLANG_ENABLE_OBJC_ARC = YES;
				CLANG_WARN_BOOL_CONVERSION = YES;
				CLANG_WARN_CONSTANT_CONVERSION = YES;
				CLANG_WARN_EMPTY_BODY = YES;
				CLANG_WARN_ENUM_CONVERSION = YES;
				CLANG_WARN_INT_CONVERSION = YES;
				CLANG_WARN__DUPLICATE_METHOD_MATCH = YES;
				"CODE_SIGN_IDENTITY[sdk=iphoneos*]" = "iPhone Developer";
				GCC_C_LANGUAGE_STANDARD = c99;
				GCC_THUMB_SUPPORT = NO;
				GCC_VERSION = "";
				GCC_WARN_ABOUT_RETURN_TYPE = YES;
				GCC_WARN_UNDECLARED_SELECTOR = YES;
				GCC_WARN_UNINITIALIZED_AUTOS = YES;
				GCC_WARN_UNUSED_FUNCTION = YES;
				GCC_WARN_UNUSED_VARIABLE = YES;
				HEADER_SEARCH_PATHS = (
					"\"$(TARGET_BUILD_DIR)/usr/local/lib/include\"",
					"\"$(OBJROOT)/UninstalledProducts/include\"",
					"\"$(BUILT_PRODUCTS_DIR)\"",
				);
				IPHONEOS_DEPLOYMENT_TARGET = 6.0;
				OTHER_LDFLAGS = (
					"-weak_framework",
					CoreFoundation,
					"-weak_framework",
					UIKit,
					"-weak_framework",
					AVFoundation,
					"-weak_framework",
					CoreMedia,
					"-weak-lSystem",
					"-ObjC",
				);
				SDKROOT = iphoneos;
				SKIP_INSTALL = NO;
				USER_HEADER_SEARCH_PATHS = "";
			};
			name = Release;
		};
/* End XCBuildConfiguration section */

/* Begin XCConfigurationList section */
		1D6058960D05DD3E006BFB54 /* Build configuration list for PBXNativeTarget "ProjectoMovilUMG" */ = {
			isa = XCConfigurationList;
			buildConfigurations = (
				1D6058940D05DD3E006BFB54 /* Debug */,
				1D6058950D05DD3E006BFB54 /* Release */,
			);
			defaultConfigurationIsVisible = 0;
			defaultConfigurationName = Release;
		};
		C01FCF4E08A954540054247B /* Build configuration list for PBXProject "__CLI__" */ = {
			isa = XCConfigurationList;
			buildConfigurations = (
				C01FCF4F08A954540054247B /* Debug */,
				C01FCF5008A954540054247B /* Release */,
			);
			defaultConfigurationIsVisible = 0;
			defaultConfigurationName = Release;
		};
/* End XCConfigurationList section */
	};
	rootObject = 29B97313FDCFA39411CA2CEA /* Project object */;
}
